
Microsoft Visual Studio Solution File, Format Version 12.00
# Visual Studio Version 17
VisualStudioVersion = 17.9.34728.123
MinimumVisualStudioVersion = 10.0.40219.1
Project("{FAE04EC0-301F-11D3-BF4B-00C04F79EFBC}") = "DesignPatterns", "DesignPatterns.csproj", "{45A735B7-45D9-49CD-BAF7-9ECE810FE287}"
EndProject
Global
	GlobalSection(SolutionConfigurationPlatforms) = preSolution
		Debug|Any CPU = Debug|Any CPU
		Release|Any CPU = Release|Any CPU
	EndGlobalSection
	GlobalSection(ProjectConfigurationPlatforms) = postSolution
		{45A735B7-45D9-49CD-BAF7-9ECE810FE287}.Debug|Any CPU.ActiveCfg = Debug|Any CPU
		{45A735B7-45D9-49CD-BAF7-9ECE810FE287}.Debug|Any CPU.Build.0 = Debug|Any CPU
		{45A735B7-45D9-49CD-BAF7-9ECE810FE287}.Release|Any CPU.ActiveCfg = Release|Any CPU
		{45A735B7-45D9-49CD-BAF7-9ECE810FE287}.Release|Any CPU.Build.0 = Release|Any CPU
	EndGlobalSection
	GlobalSection(SolutionProperties) = preSolution
		HideSolutionNode = FALSE
	EndGlobalSection
	GlobalSection(ExtensibilityGlobals) = postSolution
		SolutionGuid = {73C1B769-41FC-48C6-865E-8337CFB69BD1}
	EndGlobalSection
EndGlobal
